// !$*UTF8*$!
{
	archiveVersion = 1;
	classes = {
	};
	objectVersion = 45;
	objects = {

/* Begin PBXBuildFile section */
		1D3623260D0F684500981E51 /* TodayScreenAppDelegate.m in Sources */ = {isa = PBXBuildFile; fileRef = 1D3623250D0F684500981E51 /* TodayScreenAppDelegate.m */; };
		1D60589B0D05DD56006BFB54 /* main.m in Sources */ = {isa = PBXBuildFile; fileRef = 29B97316FDCFA39411CA2CEA /* main.m */; };
		1D60589F0D05DD5A006BFB54 /* Foundation.framework in Frameworks */ = {isa = PBXBuildFile; fileRef = 1D30AB110D05D00D00671497 /* Foundation.framework */; };
		1DF5F4E00D08C38300B7A737 /* UIKit.framework in Frameworks */ = {isa = PBXBuildFile; fileRef = 1DF5F4DF0D08C38300B7A737 /* UIKit.framework */; };
		288765FD0DF74451002DB57D /* CoreGraphics.framework in Frameworks */ = {isa = PBXBuildFile; fileRef = 288765FC0DF74451002DB57D /* CoreGraphics.framework */; };
		28AD733F0D9D9553002E5188 /* MainWindow.xib in Resources */ = {isa = PBXBuildFile; fileRef = 28AD733E0D9D9553002E5188 /* MainWindow.xib */; };
		4827CA690FD5D096009E6C2A /* WidgetRSSSettings.m in Sources */ = {isa = PBXBuildFile; fileRef = 4827CA680FD5D096009E6C2A /* WidgetRSSSettings.m */; };
		488564050FD4D864003D9B53 /* WidgetWeather.xib in Resources */ = {isa = PBXBuildFile; fileRef = 488564040FD4D864003D9B53 /* WidgetWeather.xib */; };
		4885653C0FD4F630003D9B53 /* WidgetWeatherSettings.m in Sources */ = {isa = PBXBuildFile; fileRef = 4885653B0FD4F630003D9B53 /* WidgetWeatherSettings.m */; };
		4891CB1E0FCBB0D6007C7284 /* UserDefaults.m in Sources */ = {isa = PBXBuildFile; fileRef = 4891CB1D0FCBB0D6007C7284 /* UserDefaults.m */; };
		4891CD1B0FCCCAD2007C7284 /* AppShortcut.m in Sources */ = {isa = PBXBuildFile; fileRef = 4891CD1A0FCCCAD2007C7284 /* AppShortcut.m */; };
		48CEB64C0FD0ED3600F42624 /* AddNewWidgetViewController.m in Sources */ = {isa = PBXBuildFile; fileRef = 48CEB64B0FD0ED3600F42624 /* AddNewWidgetViewController.m */; };
		48CEB68D0FD0FF7A00F42624 /* AddNewWidgetView.xib in Resources */ = {isa = PBXBuildFile; fileRef = 48CEB68C0FD0FF7A00F42624 /* AddNewWidgetView.xib */; };
		8E5DBF310FD28747003E0584 /* addicon_contact.png in Resources */ = {isa = PBXBuildFile; fileRef = 8E5DBF2B0FD28747003E0584 /* addicon_contact.png */; };
		8E5DBF340FD28747003E0584 /* addicon_flipclock.png in Resources */ = {isa = PBXBuildFile; fileRef = 8E5DBF2E0FD28747003E0584 /* addicon_flipclock.png */; };
		8E5DBF350FD28747003E0584 /* addicon_urllauncher.png in Resources */ = {isa = PBXBuildFile; fileRef = 8E5DBF2F0FD28747003E0584 /* addicon_urllauncher.png */; };
		8E5DBF360FD28747003E0584 /* addicon_weather.png in Resources */ = {isa = PBXBuildFile; fileRef = 8E5DBF300FD28747003E0584 /* addicon_weather.png */; };
		8E5DBF3C0FD28874003E0584 /* addicon_rss.png in Resources */ = {isa = PBXBuildFile; fileRef = 8E5DBF3B0FD28874003E0584 /* addicon_rss.png */; };
		8E5DC0450FD34167003E0584 /* AboutTodayScreen.xib in Resources */ = {isa = PBXBuildFile; fileRef = 8E5DC0440FD34167003E0584 /* AboutTodayScreen.xib */; };
		8E5DC04B0FD345E7003E0584 /* todayscreenlogo.png in Resources */ = {isa = PBXBuildFile; fileRef = 8E5DC0490FD345E7003E0584 /* todayscreenlogo.png */; };
		8E5DC04C0FD345E7003E0584 /* visittodayscreen.png in Resources */ = {isa = PBXBuildFile; fileRef = 8E5DC04A0FD345E7003E0584 /* visittodayscreen.png */; };
		8E5DC0520FD346F7003E0584 /* AboutTodayScreen.m in Sources */ = {isa = PBXBuildFile; fileRef = 8E5DC0510FD346F7003E0584 /* AboutTodayScreen.m */; };
		8E5DC0970FD348DF003E0584 /* TodayScreenGeneralSettings.xib in Resources */ = {isa = PBXBuildFile; fileRef = 8E5DC0960FD348DF003E0584 /* TodayScreenGeneralSettings.xib */; };
		8E5DC09E0FD34C6A003E0584 /* TodayScreenGeneralSettings.m in Sources */ = {isa = PBXBuildFile; fileRef = 8E5DC09D0FD34C6A003E0584 /* TodayScreenGeneralSettings.m */; };
		8E5DC0DE0FD3B999003E0584 /* WidgetSpacer.m in Sources */ = {isa = PBXBuildFile; fileRef = 8E5DC0DD0FD3B999003E0584 /* WidgetSpacer.m */; };
		8E5DC0E60FD3BE62003E0584 /* addicon_spacer.png in Resources */ = {isa = PBXBuildFile; fileRef = 8E5DC0E50FD3BE62003E0584 /* addicon_spacer.png */; };
		8E5DC0EE0FD3BF22003E0584 /* addicon_digitaltimedate.png in Resources */ = {isa = PBXBuildFile; fileRef = 8E5DC0ED0FD3BF22003E0584 /* addicon_digitaltimedate.png */; };
		8E6B34690FC4B5F600EB77B2 /* TodayScreenTableViewController.m in Sources */ = {isa = PBXBuildFile; fileRef = 8E6B34680FC4B5F600EB77B2 /* TodayScreenTableViewController.m */; };
		8E6B346D0FC4B63E00EB77B2 /* WidgetAppLauncher.xib in Resources */ = {isa = PBXBuildFile; fileRef = 8E6B346C0FC4B63E00EB77B2 /* WidgetAppLauncher.xib */; };
		8E6B34730FC4B69300EB77B2 /* WidgetAppLauncher.m in Sources */ = {isa = PBXBuildFile; fileRef = 8E6B34720FC4B69300EB77B2 /* WidgetAppLauncher.m */; };
		8E6B35900FC6444B00EB77B2 /* WidgetComponent_LongButton.xib in Resources */ = {isa = PBXBuildFile; fileRef = 8E6B358F0FC6444B00EB77B2 /* WidgetComponent_LongButton.xib */; };
		8E6B35970FC644F400EB77B2 /* WidgetComponent_LongButton.m in Sources */ = {isa = PBXBuildFile; fileRef = 8E6B35960FC644F400EB77B2 /* WidgetComponent_LongButton.m */; };
		8E6B37D10FC87A8700EB77B2 /* WidgetClockDate.m in Sources */ = {isa = PBXBuildFile; fileRef = 8E6B37D00FC87A8700EB77B2 /* WidgetClockDate.m */; };
		8E6B37D50FC87A9200EB77B2 /* WidgetClockDate.xib in Resources */ = {isa = PBXBuildFile; fileRef = 8E6B37D40FC87A9200EB77B2 /* WidgetClockDate.xib */; };
		8E6B386F0FC8899B00EB77B2 /* WidgetRSS.m in Sources */ = {isa = PBXBuildFile; fileRef = 8E6B386E0FC8899B00EB77B2 /* WidgetRSS.m */; };
		8E6B38730FC889AD00EB77B2 /* WidgetRSS.xib in Resources */ = {isa = PBXBuildFile; fileRef = 8E6B38720FC889AD00EB77B2 /* WidgetRSS.xib */; };
		8E6B387D0FC893E100EB77B2 /* WidgetComponent_SingleRSS.xib in Resources */ = {isa = PBXBuildFile; fileRef = 8E6B387C0FC893E100EB77B2 /* WidgetComponent_SingleRSS.xib */; };
		8E6B38830FC8940E00EB77B2 /* WidgetComponent_SingleRSS.m in Sources */ = {isa = PBXBuildFile; fileRef = 8E6B38820FC8940E00EB77B2 /* WidgetComponent_SingleRSS.m */; };
		8E6B39810FC8A8FE00EB77B2 /* YahooWeatherAPI.m in Sources */ = {isa = PBXBuildFile; fileRef = 8E6B39800FC8A8FE00EB77B2 /* YahooWeatherAPI.m */; };
		8E6B39E20FC8B70700EB77B2 /* WidgetWeather.m in Sources */ = {isa = PBXBuildFile; fileRef = 8E6B39E10FC8B70700EB77B2 /* WidgetWeather.m */; };
		8E6B3B070FC9522300EB77B2 /* WidgetContact.xib in Resources */ = {isa = PBXBuildFile; fileRef = 8E6B3B060FC9522300EB77B2 /* WidgetContact.xib */; };
		8E6B3B0C0FC9523500EB77B2 /* WidgetContact.m in Sources */ = {isa = PBXBuildFile; fileRef = 8E6B3B0B0FC9523500EB77B2 /* WidgetContact.m */; };
		8E6B3B110FC9525A00EB77B2 /* WidgetComponent_Contact.xib in Resources */ = {isa = PBXBuildFile; fileRef = 8E6B3B100FC9525A00EB77B2 /* WidgetComponent_Contact.xib */; };
		8E6B3B160FC9526700EB77B2 /* WidgetComponent_Contact.m in Sources */ = {isa = PBXBuildFile; fileRef = 8E6B3B150FC9526700EB77B2 /* WidgetComponent_Contact.m */; };
		8E6B3BAE0FCA0BA400EB77B2 /* GlobalFunctions.m in Sources */ = {isa = PBXBuildFile; fileRef = 8E6B3BAD0FCA0BA400EB77B2 /* GlobalFunctions.m */; };
		8E6B3C710FCB364700EB77B2 /* iPhoneAddressBookAPI.m in Sources */ = {isa = PBXBuildFile; fileRef = 8E6B3C700FCB364700EB77B2 /* iPhoneAddressBookAPI.m */; };
		8E6B3C730FCB36AD00EB77B2 /* AddressBook.framework in Frameworks */ = {isa = PBXBuildFile; fileRef = 8E6B3C720FCB36AD00EB77B2 /* AddressBook.framework */; };
		8E6B3C8A0FCB3B3000EB77B2 /* AddressBookUI.framework in Frameworks */ = {isa = PBXBuildFile; fileRef = 8E6B3C890FCB3B3000EB77B2 /* AddressBookUI.framework */; };
		8E6B3CD10FCB91D200EB77B2 /* bg1.jpg in Resources */ = {isa = PBXBuildFile; fileRef = 8E6B3CD00FCB91D200EB77B2 /* bg1.jpg */; };
		8E6B3DA20FCB9A8100EB77B2 /* TodayScreenView.xib in Resources */ = {isa = PBXBuildFile; fileRef = 8E6B3DA10FCB9A8100EB77B2 /* TodayScreenView.xib */; };
		8E6B3DA70FCB9A9400EB77B2 /* TodayScreenView.m in Sources */ = {isa = PBXBuildFile; fileRef = 8E6B3DA60FCB9A9400EB77B2 /* TodayScreenView.m */; };
		8E6B3DF20FCB9F1E00EB77B2 /* WidgetFlipClockDate.xib in Resources */ = {isa = PBXBuildFile; fileRef = 8E6B3DF10FCB9F1E00EB77B2 /* WidgetFlipClockDate.xib */; };
		8E6B3DF70FCB9F3E00EB77B2 /* flipclockbgwhite.png in Resources */ = {isa = PBXBuildFile; fileRef = 8E6B3DF60FCB9F3E00EB77B2 /* flipclockbgwhite.png */; };
		8E6B3DFC0FCB9F8B00EB77B2 /* WidgetFlipClockDate.m in Sources */ = {isa = PBXBuildFile; fileRef = 8E6B3DFB0FCB9F8B00EB77B2 /* WidgetFlipClockDate.m */; };
		8E6B3F5E0FCE539F00EB77B2 /* footertoobaricon_add.png in Resources */ = {isa = PBXBuildFile; fileRef = 8E6B3F540FCE539F00EB77B2 /* footertoobaricon_add.png */; };
		8E6B3F5F0FCE539F00EB77B2 /* footertoobaricon_delete.png in Resources */ = {isa = PBXBuildFile; fileRef = 8E6B3F550FCE539F00EB77B2 /* footertoobaricon_delete.png */; };
		8E6B3F600FCE539F00EB77B2 /* footertoobaricon_help.png in Resources */ = {isa = PBXBuildFile; fileRef = 8E6B3F560FCE539F00EB77B2 /* footertoobaricon_help.png */; };
		8E6B3F610FCE539F00EB77B2 /* footertoobaricon_info.png in Resources */ = {isa = PBXBuildFile; fileRef = 8E6B3F570FCE539F00EB77B2 /* footertoobaricon_info.png */; };
		8E6B3F620FCE539F00EB77B2 /* footertoobaricon_settings.png in Resources */ = {isa = PBXBuildFile; fileRef = 8E6B3F580FCE539F00EB77B2 /* footertoobaricon_settings.png */; };
		8E6B3F630FCE539F00EB77B2 /* footertoobaricon_sort.png in Resources */ = {isa = PBXBuildFile; fileRef = 8E6B3F590FCE539F00EB77B2 /* footertoobaricon_sort.png */; };
		8E6B3F640FCE539F00EB77B2 /* footertoolbarbg.png in Resources */ = {isa = PBXBuildFile; fileRef = 8E6B3F5A0FCE539F00EB77B2 /* footertoolbarbg.png */; };
		8E6B3F660FCE539F00EB77B2 /* longbuttonbg.png in Resources */ = {isa = PBXBuildFile; fileRef = 8E6B3F5C0FCE539F00EB77B2 /* longbuttonbg.png */; };
		8E6B3F670FCE539F00EB77B2 /* longlaunchbutton.png in Resources */ = {isa = PBXBuildFile; fileRef = 8E6B3F5D0FCE539F00EB77B2 /* longlaunchbutton.png */; };
		8E6B3F760FCE53BE00EB77B2 /* contactbutton.png in Resources */ = {isa = PBXBuildFile; fileRef = 8E6B3F750FCE53BE00EB77B2 /* contactbutton.png */; };
		8E6B3F7A0FCE54E800EB77B2 /* blankcontact.png in Resources */ = {isa = PBXBuildFile; fileRef = 8E6B3F790FCE54E800EB77B2 /* blankcontact.png */; };
		8E6B3FBD0FCE5E3300EB77B2 /* Info.xib in Resources */ = {isa = PBXBuildFile; fileRef = 8E6B3FBC0FCE5E3300EB77B2 /* Info.xib */; };
		8E6B3FC20FCE5E7E00EB77B2 /* Info.m in Sources */ = {isa = PBXBuildFile; fileRef = 8E6B3FC10FCE5E7E00EB77B2 /* Info.m */; };
		8E6B3FC70FCE5FA300EB77B2 /* bg2.png in Resources */ = {isa = PBXBuildFile; fileRef = 8E6B3FC60FCE5FA300EB77B2 /* bg2.png */; };
		8E6B401F0FCE61C200EB77B2 /* icon.png in Resources */ = {isa = PBXBuildFile; fileRef = 8E6B401E0FCE61C200EB77B2 /* icon.png */; };
		8E6B40650FD2252E00EB77B2 /* WidgetViewControllerSuperClass.m in Sources */ = {isa = PBXBuildFile; fileRef = 8E6B40640FD2252E00EB77B2 /* WidgetViewControllerSuperClass.m */; };
		8E6B41430FD2303100EB77B2 /* WidgetClockDateSettings.xib in Resources */ = {isa = PBXBuildFile; fileRef = 8E6B41420FD2303100EB77B2 /* WidgetClockDateSettings.xib */; };
		8E6B41480FD236B100EB77B2 /* settingsbg.png in Resources */ = {isa = PBXBuildFile; fileRef = 8E6B41470FD236B100EB77B2 /* settingsbg.png */; };
		8E6B414F0FD2378C00EB77B2 /* WidgetSettingsSuperClass.m in Sources */ = {isa = PBXBuildFile; fileRef = 8E6B414E0FD2378C00EB77B2 /* WidgetSettingsSuperClass.m */; };
		8E6B41530FD2389700EB77B2 /* WidgetSettingsSuperClass.xib in Resources */ = {isa = PBXBuildFile; fileRef = 8E6B41520FD2389700EB77B2 /* WidgetSettingsSuperClass.xib */; };
		8E6B41590FD2391A00EB77B2 /* WidgetClockDateSettings.m in Sources */ = {isa = PBXBuildFile; fileRef = 8E6B41580FD2391A00EB77B2 /* WidgetClockDateSettings.m */; };
		8E6B420E0FD240B500EB77B2 /* WidgetFlipClockSettings.xib in Resources */ = {isa = PBXBuildFile; fileRef = 8E6B420D0FD240B500EB77B2 /* WidgetFlipClockSettings.xib */; };
		8E6B42130FD240E600EB77B2 /* WidgetRSSSettings.xib in Resources */ = {isa = PBXBuildFile; fileRef = 8E6B42120FD240E600EB77B2 /* WidgetRSSSettings.xib */; };
		8E6B421A0FD2418200EB77B2 /* WidgetWeatherSettings.xib in Resources */ = {isa = PBXBuildFile; fileRef = 8E6B42190FD2418200EB77B2 /* WidgetWeatherSettings.xib */; };
		8E6B421F0FD241DE00EB77B2 /* WidgetAppLauncherSettings.xib in Resources */ = {isa = PBXBuildFile; fileRef = 8E6B421E0FD241DE00EB77B2 /* WidgetAppLauncherSettings.xib */; };
		8E6B42250FD242DC00EB77B2 /* WidgetSettingsNavigationController.m in Sources */ = {isa = PBXBuildFile; fileRef = 8E6B42240FD242DC00EB77B2 /* WidgetSettingsNavigationController.m */; };
/* End PBXBuildFile section */

/* Begin PBXFileReference section */
		1D30AB110D05D00D00671497 /* Foundation.framework */ = {isa = PBXFileReference; lastKnownFileType = wrapper.framework; name = Foundation.framework; path = System/Library/Frameworks/Foundation.framework; sourceTree = SDKROOT; };
		1D3623240D0F684500981E51 /* TodayScreenAppDelegate.h */ = {isa = PBXFileReference; fileEncoding = 4; lastKnownFileType = sourcecode.c.h; path = TodayScreenAppDelegate.h; sourceTree = "<group>"; };
		1D3623250D0F684500981E51 /* TodayScreenAppDelegate.m */ = {isa = PBXFileReference; fileEncoding = 4; lastKnownFileType = sourcecode.c.objc; path = TodayScreenAppDelegate.m; sourceTree = "<group>"; };
		1D6058910D05DD3D006BFB54 /* TodayScreen.app */ = {isa = PBXFileReference; explicitFileType = wrapper.application; includeInIndex = 0; path = TodayScreen.app; sourceTree = BUILT_PRODUCTS_DIR; };
		1DF5F4DF0D08C38300B7A737 /* UIKit.framework */ = {isa = PBXFileReference; lastKnownFileType = wrapper.framework; name = UIKit.framework; path = System/Library/Frameworks/UIKit.framework; sourceTree = SDKROOT; };
		288765FC0DF74451002DB57D /* CoreGraphics.framework */ = {isa = PBXFileReference; lastKnownFileType = wrapper.framework; name = CoreGraphics.framework; path = System/Library/Frameworks/CoreGraphics.framework; sourceTree = SDKROOT; };
		28AD733E0D9D9553002E5188 /* MainWindow.xib */ = {isa = PBXFileReference; lastKnownFileType = file.xib; path = MainWindow.xib; sourceTree = "<group>"; };
		29B97316FDCFA39411CA2CEA /* main.m */ = {isa = PBXFileReference; fileEncoding = 4; lastKnownFileType = sourcecode.c.objc; path = main.m; sourceTree = "<group>"; };
		32CA4F630368D1EE00C91783 /* TodayScreen_Prefix.pch */ = {isa = PBXFileReference; fileEncoding = 4; lastKnownFileType = sourcecode.c.h; path = TodayScreen_Prefix.pch; sourceTree = "<group>"; };
		4827CA670FD5D096009E6C2A /* WidgetRSSSettings.h */ = {isa = PBXFileReference; fileEncoding = 4; lastKnownFileType = sourcecode.c.h; path = WidgetRSSSettings.h; sourceTree = "<group>"; };
		4827CA680FD5D096009E6C2A /* WidgetRSSSettings.m */ = {isa = PBXFileReference; fileEncoding = 4; lastKnownFileType = sourcecode.c.objc; path = WidgetRSSSettings.m; sourceTree = "<group>"; };
		488564040FD4D864003D9B53 /* WidgetWeather.xib */ = {isa = PBXFileReference; lastKnownFileType = file.xib; path = WidgetWeather.xib; sourceTree = "<group>"; };
		4885653A0FD4F630003D9B53 /* WidgetWeatherSettings.h */ = {isa = PBXFileReference; fileEncoding = 4; lastKnownFileType = sourcecode.c.h; path = WidgetWeatherSettings.h; sourceTree = "<group>"; };
		4885653B0FD4F630003D9B53 /* WidgetWeatherSettings.m */ = {isa = PBXFileReference; fileEncoding = 4; lastKnownFileType = sourcecode.c.objc; path = WidgetWeatherSettings.m; sourceTree = "<group>"; };
		4891CB1C0FCBB0D6007C7284 /* UserDefaults.h */ = {isa = PBXFileReference; fileEncoding = 4; lastKnownFileType = sourcecode.c.h; name = UserDefaults.h; path = ../UserDefaults.h; sourceTree = "<group>"; };
		4891CB1D0FCBB0D6007C7284 /* UserDefaults.m */ = {isa = PBXFileReference; fileEncoding = 4; lastKnownFileType = sourcecode.c.objc; name = UserDefaults.m; path = ../UserDefaults.m; sourceTree = "<group>"; };
		4891CD190FCCCAD2007C7284 /* AppShortcut.h */ = {isa = PBXFileReference; fileEncoding = 4; lastKnownFileType = sourcecode.c.h; name = AppShortcut.h; path = ../AppShortcut.h; sourceTree = "<group>"; };
		4891CD1A0FCCCAD2007C7284 /* AppShortcut.m */ = {isa = PBXFileReference; fileEncoding = 4; lastKnownFileType = sourcecode.c.objc; name = AppShortcut.m; path = ../AppShortcut.m; sourceTree = "<group>"; };
		48CEB64A0FD0ED3600F42624 /* AddNewWidgetViewController.h */ = {isa = PBXFileReference; fileEncoding = 4; lastKnownFileType = sourcecode.c.h; name = AddNewWidgetViewController.h; path = ../AddNewWidgetViewController.h; sourceTree = "<group>"; };
		48CEB64B0FD0ED3600F42624 /* AddNewWidgetViewController.m */ = {isa = PBXFileReference; fileEncoding = 4; lastKnownFileType = sourcecode.c.objc; name = AddNewWidgetViewController.m; path = ../AddNewWidgetViewController.m; sourceTree = "<group>"; };
		48CEB68C0FD0FF7A00F42624 /* AddNewWidgetView.xib */ = {isa = PBXFileReference; lastKnownFileType = file.xib; path = AddNewWidgetView.xib; sourceTree = "<group>"; };
		8D1107310486CEB800E47090 /* Info.plist */ = {isa = PBXFileReference; fileEncoding = 4; lastKnownFileType = text.plist.xml; path = Info.plist; sourceTree = "<group>"; };
		8E5DBF2B0FD28747003E0584 /* addicon_contact.png */ = {isa = PBXFileReference; lastKnownFileType = image.png; path = addicon_contact.png; sourceTree = "<group>"; };
		8E5DBF2E0FD28747003E0584 /* addicon_flipclock.png */ = {isa = PBXFileReference; lastKnownFileType = image.png; path = addicon_flipclock.png; sourceTree = "<group>"; };
		8E5DBF2F0FD28747003E0584 /* addicon_urllauncher.png */ = {isa = PBXFileReference; lastKnownFileType = image.png; path = addicon_urllauncher.png; sourceTree = "<group>"; };
		8E5DBF300FD28747003E0584 /* addicon_weather.png */ = {isa = PBXFileReference; lastKnownFileType = image.png; path = addicon_weather.png; sourceTree = "<group>"; };
		8E5DBF3B0FD28874003E0584 /* addicon_rss.png */ = {isa = PBXFileReference; lastKnownFileType = image.png; path = addicon_rss.png; sourceTree = "<group>"; };
		8E5DC0440FD34167003E0584 /* AboutTodayScreen.xib */ = {isa = PBXFileReference; lastKnownFileType = file.xib; path = AboutTodayScreen.xib; sourceTree = "<group>"; };
		8E5DC0490FD345E7003E0584 /* todayscreenlogo.png */ = {isa = PBXFileReference; lastKnownFileType = image.png; path = todayscreenlogo.png; sourceTree = "<group>"; };
		8E5DC04A0FD345E7003E0584 /* visittodayscreen.png */ = {isa = PBXFileReference; lastKnownFileType = image.png; path = visittodayscreen.png; sourceTree = "<group>"; };
		8E5DC0500FD346F7003E0584 /* AboutTodayScreen.h */ = {isa = PBXFileReference; fileEncoding = 4; lastKnownFileType = sourcecode.c.h; name = AboutTodayScreen.h; path = ../AboutTodayScreen.h; sourceTree = "<group>"; };
		8E5DC0510FD346F7003E0584 /* AboutTodayScreen.m */ = {isa = PBXFileReference; fileEncoding = 4; lastKnownFileType = sourcecode.c.objc; name = AboutTodayScreen.m; path = ../AboutTodayScreen.m; sourceTree = "<group>"; };
		8E5DC0960FD348DF003E0584 /* TodayScreenGeneralSettings.xib */ = {isa = PBXFileReference; lastKnownFileType = file.xib; path = TodayScreenGeneralSettings.xib; sourceTree = "<group>"; };
		8E5DC09C0FD34C6A003E0584 /* TodayScreenGeneralSettings.h */ = {isa = PBXFileReference; fileEncoding = 4; lastKnownFileType = sourcecode.c.h; name = TodayScreenGeneralSettings.h; path = ../TodayScreenGeneralSettings.h; sourceTree = "<group>"; };
		8E5DC09D0FD34C6A003E0584 /* TodayScreenGeneralSettings.m */ = {isa = PBXFileReference; fileEncoding = 4; lastKnownFileType = sourcecode.c.objc; name = TodayScreenGeneralSettings.m; path = ../TodayScreenGeneralSettings.m; sourceTree = "<group>"; };
		8E5DC0DC0FD3B999003E0584 /* WidgetSpacer.h */ = {isa = PBXFileReference; fileEncoding = 4; lastKnownFileType = sourcecode.c.h; path = WidgetSpacer.h; sourceTree = "<group>"; };
		8E5DC0DD0FD3B999003E0584 /* WidgetSpacer.m */ = {isa = PBXFileReference; fileEncoding = 4; lastKnownFileType = sourcecode.c.objc; path = WidgetSpacer.m; sourceTree = "<group>"; };
		8E5DC0E50FD3BE62003E0584 /* addicon_spacer.png */ = {isa = PBXFileReference; lastKnownFileType = image.png; path = addicon_spacer.png; sourceTree = "<group>"; };
		8E5DC0ED0FD3BF22003E0584 /* addicon_digitaltimedate.png */ = {isa = PBXFileReference; lastKnownFileType = image.png; path = addicon_digitaltimedate.png; sourceTree = "<group>"; };
		8E6B34670FC4B5F600EB77B2 /* TodayScreenTableViewController.h */ = {isa = PBXFileReference; fileEncoding = 4; lastKnownFileType = sourcecode.c.h; name = TodayScreenTableViewController.h; path = ../TodayScreenTableViewController.h; sourceTree = "<group>"; };
		8E6B34680FC4B5F600EB77B2 /* TodayScreenTableViewController.m */ = {isa = PBXFileReference; fileEncoding = 4; lastKnownFileType = sourcecode.c.objc; name = TodayScreenTableViewController.m; path = ../TodayScreenTableViewController.m; sourceTree = "<group>"; };
		8E6B346C0FC4B63E00EB77B2 /* WidgetAppLauncher.xib */ = {isa = PBXFileReference; lastKnownFileType = file.xib; path = WidgetAppLauncher.xib; sourceTree = "<group>"; };
		8E6B34710FC4B69300EB77B2 /* WidgetAppLauncher.h */ = {isa = PBXFileReference; fileEncoding = 4; lastKnownFileType = sourcecode.c.h; path = WidgetAppLauncher.h; sourceTree = "<group>"; };
		8E6B34720FC4B69300EB77B2 /* WidgetAppLauncher.m */ = {isa = PBXFileReference; fileEncoding = 4; lastKnownFileType = sourcecode.c.objc; path = WidgetAppLauncher.m; sourceTree = "<group>"; };
		8E6B358F0FC6444B00EB77B2 /* WidgetComponent_LongButton.xib */ = {isa = PBXFileReference; lastKnownFileType = file.xib; path = WidgetComponent_LongButton.xib; sourceTree = "<group>"; };
		8E6B35950FC644F400EB77B2 /* WidgetComponent_LongButton.h */ = {isa = PBXFileReference; fileEncoding = 4; lastKnownFileType = sourcecode.c.h; path = WidgetComponent_LongButton.h; sourceTree = "<group>"; };
		8E6B35960FC644F400EB77B2 /* WidgetComponent_LongButton.m */ = {isa = PBXFileReference; fileEncoding = 4; lastKnownFileType = sourcecode.c.objc; path = WidgetComponent_LongButton.m; sourceTree = "<group>"; };
		8E6B37CF0FC87A8700EB77B2 /* WidgetClockDate.h */ = {isa = PBXFileReference; fileEncoding = 4; lastKnownFileType = sourcecode.c.h; path = WidgetClockDate.h; sourceTree = "<group>"; };
		8E6B37D00FC87A8700EB77B2 /* WidgetClockDate.m */ = {isa = PBXFileReference; fileEncoding = 4; lastKnownFileType = sourcecode.c.objc; path = WidgetClockDate.m; sourceTree = "<group>"; };
		8E6B37D40FC87A9200EB77B2 /* WidgetClockDate.xib */ = {isa = PBXFileReference; lastKnownFileType = file.xib; path = WidgetClockDate.xib; sourceTree = "<group>"; };
		8E6B386D0FC8899B00EB77B2 /* WidgetRSS.h */ = {isa = PBXFileReference; fileEncoding = 4; lastKnownFileType = sourcecode.c.h; path = WidgetRSS.h; sourceTree = "<group>"; };
		8E6B386E0FC8899B00EB77B2 /* WidgetRSS.m */ = {isa = PBXFileReference; fileEncoding = 4; lastKnownFileType = sourcecode.c.objc; path = WidgetRSS.m; sourceTree = "<group>"; };
		8E6B38720FC889AD00EB77B2 /* WidgetRSS.xib */ = {isa = PBXFileReference; lastKnownFileType = file.xib; path = WidgetRSS.xib; sourceTree = "<group>"; };
		8E6B387C0FC893E100EB77B2 /* WidgetComponent_SingleRSS.xib */ = {isa = PBXFileReference; lastKnownFileType = file.xib; path = WidgetComponent_SingleRSS.xib; sourceTree = "<group>"; };
		8E6B38810FC8940E00EB77B2 /* WidgetComponent_SingleRSS.h */ = {isa = PBXFileReference; fileEncoding = 4; lastKnownFileType = sourcecode.c.h; path = WidgetComponent_SingleRSS.h; sourceTree = "<group>"; };
		8E6B38820FC8940E00EB77B2 /* WidgetComponent_SingleRSS.m */ = {isa = PBXFileReference; fileEncoding = 4; lastKnownFileType = sourcecode.c.objc; path = WidgetComponent_SingleRSS.m; sourceTree = "<group>"; };
		8E6B397F0FC8A8FE00EB77B2 /* YahooWeatherAPI.h */ = {isa = PBXFileReference; fileEncoding = 4; lastKnownFileType = sourcecode.c.h; name = YahooWeatherAPI.h; path = ../YahooWeatherAPI.h; sourceTree = "<group>"; };
		8E6B39800FC8A8FE00EB77B2 /* YahooWeatherAPI.m */ = {isa = PBXFileReference; fileEncoding = 4; lastKnownFileType = sourcecode.c.objc; name = YahooWeatherAPI.m; path = ../YahooWeatherAPI.m; sourceTree = "<group>"; };
		8E6B39E00FC8B70700EB77B2 /* WidgetWeather.h */ = {isa = PBXFileReference; fileEncoding = 4; lastKnownFileType = sourcecode.c.h; path = WidgetWeather.h; sourceTree = "<group>"; };
		8E6B39E10FC8B70700EB77B2 /* WidgetWeather.m */ = {isa = PBXFileReference; fileEncoding = 4; lastKnownFileType = sourcecode.c.objc; path = WidgetWeather.m; sourceTree = "<group>"; };
		8E6B3B060FC9522300EB77B2 /* WidgetContact.xib */ = {isa = PBXFileReference; lastKnownFileType = file.xib; path = WidgetContact.xib; sourceTree = "<group>"; };
		8E6B3B0A0FC9523500EB77B2 /* WidgetContact.h */ = {isa = PBXFileReference; fileEncoding = 4; lastKnownFileType = sourcecode.c.h; path = WidgetContact.h; sourceTree = "<group>"; };
		8E6B3B0B0FC9523500EB77B2 /* WidgetContact.m */ = {isa = PBXFileReference; fileEncoding = 4; lastKnownFileType = sourcecode.c.objc; path = WidgetContact.m; sourceTree = "<group>"; };
		8E6B3B100FC9525A00EB77B2 /* WidgetComponent_Contact.xib */ = {isa = PBXFileReference; lastKnownFileType = file.xib; path = WidgetComponent_Contact.xib; sourceTree = "<group>"; };
		8E6B3B140FC9526700EB77B2 /* WidgetComponent_Contact.h */ = {isa = PBXFileReference; fileEncoding = 4; lastKnownFileType = sourcecode.c.h; path = WidgetComponent_Contact.h; sourceTree = "<group>"; };
		8E6B3B150FC9526700EB77B2 /* WidgetComponent_Contact.m */ = {isa = PBXFileReference; fileEncoding = 4; lastKnownFileType = sourcecode.c.objc; path = WidgetComponent_Contact.m; sourceTree = "<group>"; };
		8E6B3BAC0FCA0BA400EB77B2 /* GlobalFunctions.h */ = {isa = PBXFileReference; fileEncoding = 4; lastKnownFileType = sourcecode.c.h; name = GlobalFunctions.h; path = ../GlobalFunctions.h; sourceTree = "<group>"; };
		8E6B3BAD0FCA0BA400EB77B2 /* GlobalFunctions.m */ = {isa = PBXFileReference; fileEncoding = 4; lastKnownFileType = sourcecode.c.objc; name = GlobalFunctions.m; path = ../GlobalFunctions.m; sourceTree = "<group>"; };
		8E6B3C6F0FCB364700EB77B2 /* iPhoneAddressBookAPI.h */ = {isa = PBXFileReference; fileEncoding = 4; lastKnownFileType = sourcecode.c.h; name = iPhoneAddressBookAPI.h; path = ../iPhoneAddressBookAPI.h; sourceTree = "<group>"; };
		8E6B3C700FCB364700EB77B2 /* iPhoneAddressBookAPI.m */ = {isa = PBXFileReference; fileEncoding = 4; lastKnownFileType = sourcecode.c.objc; name = iPhoneAddressBookAPI.m; path = ../iPhoneAddressBookAPI.m; sourceTree = "<group>"; };
		8E6B3C720FCB36AD00EB77B2 /* AddressBook.framework */ = {isa = PBXFileReference; lastKnownFileType = wrapper.framework; name = AddressBook.framework; path = System/Library/Frameworks/AddressBook.framework; sourceTree = SDKROOT; };
		8E6B3C890FCB3B3000EB77B2 /* AddressBookUI.framework */ = {isa = PBXFileReference; lastKnownFileType = wrapper.framework; name = AddressBookUI.framework; path = System/Library/Frameworks/AddressBookUI.framework; sourceTree = SDKROOT; };
		8E6B3CD00FCB91D200EB77B2 /* bg1.jpg */ = {isa = PBXFileReference; lastKnownFileType = image.jpeg; path = bg1.jpg; sourceTree = "<group>"; };
		8E6B3DA10FCB9A8100EB77B2 /* TodayScreenView.xib */ = {isa = PBXFileReference; lastKnownFileType = file.xib; path = TodayScreenView.xib; sourceTree = "<group>"; };
		8E6B3DA50FCB9A9400EB77B2 /* TodayScreenView.h */ = {isa = PBXFileReference; fileEncoding = 4; lastKnownFileType = sourcecode.c.h; name = TodayScreenView.h; path = ../TodayScreenView.h; sourceTree = "<group>"; };
		8E6B3DA60FCB9A9400EB77B2 /* TodayScreenView.m */ = {isa = PBXFileReference; fileEncoding = 4; lastKnownFileType = sourcecode.c.objc; name = TodayScreenView.m; path = ../TodayScreenView.m; sourceTree = "<group>"; };
		8E6B3DF10FCB9F1E00EB77B2 /* WidgetFlipClockDate.xib */ = {isa = PBXFileReference; lastKnownFileType = file.xib; path = WidgetFlipClockDate.xib; sourceTree = "<group>"; };
		8E6B3DF60FCB9F3E00EB77B2 /* flipclockbgwhite.png */ = {isa = PBXFileReference; lastKnownFileType = image.png; path = flipclockbgwhite.png; sourceTree = "<group>"; };
		8E6B3DFA0FCB9F8B00EB77B2 /* WidgetFlipClockDate.h */ = {isa = PBXFileReference; fileEncoding = 4; lastKnownFileType = sourcecode.c.h; path = WidgetFlipClockDate.h; sourceTree = "<group>"; };
		8E6B3DFB0FCB9F8B00EB77B2 /* WidgetFlipClockDate.m */ = {isa = PBXFileReference; fileEncoding = 4; lastKnownFileType = sourcecode.c.objc; path = WidgetFlipClockDate.m; sourceTree = "<group>"; };
		8E6B3F540FCE539F00EB77B2 /* footertoobaricon_add.png */ = {isa = PBXFileReference; lastKnownFileType = image.png; path = footertoobaricon_add.png; sourceTree = "<group>"; };
		8E6B3F550FCE539F00EB77B2 /* footertoobaricon_delete.png */ = {isa = PBXFileReference; lastKnownFileType = image.png; path = footertoobaricon_delete.png; sourceTree = "<group>"; };
		8E6B3F560FCE539F00EB77B2 /* footertoobaricon_help.png */ = {isa = PBXFileReference; lastKnownFileType = image.png; path = footertoobaricon_help.png; sourceTree = "<group>"; };
		8E6B3F570FCE539F00EB77B2 /* footertoobaricon_info.png */ = {isa = PBXFileReference; lastKnownFileType = image.png; path = footertoobaricon_info.png; sourceTree = "<group>"; };
		8E6B3F580FCE539F00EB77B2 /* footertoobaricon_settings.png */ = {isa = PBXFileReference; lastKnownFileType = image.png; path = footertoobaricon_settings.png; sourceTree = "<group>"; };
		8E6B3F590FCE539F00EB77B2 /* footertoobaricon_sort.png */ = {isa = PBXFileReference; lastKnownFileType = image.png; path = footertoobaricon_sort.png; sourceTree = "<group>"; };
		8E6B3F5A0FCE539F00EB77B2 /* footertoolbarbg.png */ = {isa = PBXFileReference; lastKnownFileType = image.png; path = footertoolbarbg.png; sourceTree = "<group>"; };
		8E6B3F5C0FCE539F00EB77B2 /* longbuttonbg.png */ = {isa = PBXFileReference; lastKnownFileType = image.png; path = longbuttonbg.png; sourceTree = "<group>"; };
		8E6B3F5D0FCE539F00EB77B2 /* longlaunchbutton.png */ = {isa = PBXFileReference; lastKnownFileType = image.png; path = longlaunchbutton.png; sourceTree = "<group>"; };
		8E6B3F750FCE53BE00EB77B2 /* contactbutton.png */ = {isa = PBXFileReference; lastKnownFileType = image.png; path = contactbutton.png; sourceTree = "<group>"; };
		8E6B3F790FCE54E800EB77B2 /* blankcontact.png */ = {isa = PBXFileReference; lastKnownFileType = image.png; path = blankcontact.png; sourceTree = "<group>"; };
		8E6B3FBC0FCE5E3300EB77B2 /* Info.xib */ = {isa = PBXFileReference; lastKnownFileType = file.xib; path = Info.xib; sourceTree = "<group>"; };
		8E6B3FC00FCE5E7E00EB77B2 /* Info.h */ = {isa = PBXFileReference; fileEncoding = 4; lastKnownFileType = sourcecode.c.h; name = Info.h; path = ../Info.h; sourceTree = "<group>"; };
		8E6B3FC10FCE5E7E00EB77B2 /* Info.m */ = {isa = PBXFileReference; fileEncoding = 4; lastKnownFileType = sourcecode.c.objc; name = Info.m; path = ../Info.m; sourceTree = "<group>"; };
		8E6B3FC60FCE5FA300EB77B2 /* bg2.png */ = {isa = PBXFileReference; lastKnownFileType = image.png; path = bg2.png; sourceTree = "<group>"; };
		8E6B401E0FCE61C200EB77B2 /* icon.png */ = {isa = PBXFileReference; lastKnownFileType = image.png; path = icon.png; sourceTree = "<group>"; };
		8E6B40630FD2252E00EB77B2 /* WidgetViewControllerSuperClass.h */ = {isa = PBXFileReference; fileEncoding = 4; lastKnownFileType = sourcecode.c.h; path = WidgetViewControllerSuperClass.h; sourceTree = "<group>"; };
		8E6B40640FD2252E00EB77B2 /* WidgetViewControllerSuperClass.m */ = {isa = PBXFileReference; fileEncoding = 4; lastKnownFileType = sourcecode.c.objc; path = WidgetViewControllerSuperClass.m; sourceTree = "<group>"; };
		8E6B41420FD2303100EB77B2 /* WidgetClockDateSettings.xib */ = {isa = PBXFileReference; lastKnownFileType = file.xib; path = WidgetClockDateSettings.xib; sourceTree = "<group>"; };
		8E6B41470FD236B100EB77B2 /* settingsbg.png */ = {isa = PBXFileReference; lastKnownFileType = image.png; path = settingsbg.png; sourceTree = "<group>"; };
		8E6B414D0FD2378C00EB77B2 /* WidgetSettingsSuperClass.h */ = {isa = PBXFileReference; fileEncoding = 4; lastKnownFileType = sourcecode.c.h; path = WidgetSettingsSuperClass.h; sourceTree = "<group>"; };
		8E6B414E0FD2378C00EB77B2 /* WidgetSettingsSuperClass.m */ = {isa = PBXFileReference; fileEncoding = 4; lastKnownFileType = sourcecode.c.objc; path = WidgetSettingsSuperClass.m; sourceTree = "<group>"; };
		8E6B41520FD2389700EB77B2 /* WidgetSettingsSuperClass.xib */ = {isa = PBXFileReference; lastKnownFileType = file.xib; path = WidgetSettingsSuperClass.xib; sourceTree = "<group>"; };
		8E6B41570FD2391A00EB77B2 /* WidgetClockDateSettings.h */ = {isa = PBXFileReference; fileEncoding = 4; lastKnownFileType = sourcecode.c.h; path = WidgetClockDateSettings.h; sourceTree = "<group>"; };
		8E6B41580FD2391A00EB77B2 /* WidgetClockDateSettings.m */ = {isa = PBXFileReference; fileEncoding = 4; lastKnownFileType = sourcecode.c.objc; path = WidgetClockDateSettings.m; sourceTree = "<group>"; };
		8E6B420D0FD240B500EB77B2 /* WidgetFlipClockSettings.xib */ = {isa = PBXFileReference; lastKnownFileType = file.xib; path = WidgetFlipClockSettings.xib; sourceTree = "<group>"; };
		8E6B42120FD240E600EB77B2 /* WidgetRSSSettings.xib */ = {isa = PBXFileReference; lastKnownFileType = file.xib; path = WidgetRSSSettings.xib; sourceTree = "<group>"; };
		8E6B42190FD2418200EB77B2 /* WidgetWeatherSettings.xib */ = {isa = PBXFileReference; lastKnownFileType = file.xib; path = WidgetWeatherSettings.xib; sourceTree = "<group>"; };
		8E6B421E0FD241DE00EB77B2 /* WidgetAppLauncherSettings.xib */ = {isa = PBXFileReference; lastKnownFileType = file.xib; path = WidgetAppLauncherSettings.xib; sourceTree = "<group>"; };
		8E6B42230FD242DC00EB77B2 /* WidgetSettingsNavigationController.h */ = {isa = PBXFileReference; fileEncoding = 4; lastKnownFileType = sourcecode.c.h; path = WidgetSettingsNavigationController.h; sourceTree = "<group>"; };
		8E6B42240FD242DC00EB77B2 /* WidgetSettingsNavigationController.m */ = {isa = PBXFileReference; fileEncoding = 4; lastKnownFileType = sourcecode.c.objc; path = WidgetSettingsNavigationController.m; sourceTree = "<group>"; };
/* End PBXFileReference section */

/* Begin PBXFrameworksBuildPhase section */
		1D60588F0D05DD3D006BFB54 /* Frameworks */ = {
			isa = PBXFrameworksBuildPhase;
			buildActionMask = 2147483647;
			files = (
				1D60589F0D05DD5A006BFB54 /* Foundation.framework in Frameworks */,
				1DF5F4E00D08C38300B7A737 /* UIKit.framework in Frameworks */,
				288765FD0DF74451002DB57D /* CoreGraphics.framework in Frameworks */,
				8E6B3C730FCB36AD00EB77B2 /* AddressBook.framework in Frameworks */,
				8E6B3C8A0FCB3B3000EB77B2 /* AddressBookUI.framework in Frameworks */,
			);
			runOnlyForDeploymentPostprocessing = 0;
		};
/* End PBXFrameworksBuildPhase section */

/* Begin PBXGroup section */
		080E96DDFE201D6D7F000001 /* Classes */ = {
			isa = PBXGroup;
			children = (
				8E5DC09C0FD34C6A003E0584 /* TodayScreenGeneralSettings.h */,
				8E5DC09D0FD34C6A003E0584 /* TodayScreenGeneralSettings.m */,
				8E5DC0500FD346F7003E0584 /* AboutTodayScreen.h */,
				8E5DC0510FD346F7003E0584 /* AboutTodayScreen.m */,
				8E6B3DA50FCB9A9400EB77B2 /* TodayScreenView.h */,
				8E6B3DA60FCB9A9400EB77B2 /* TodayScreenView.m */,
				8E6B34670FC4B5F600EB77B2 /* TodayScreenTableViewController.h */,
				8E6B34680FC4B5F600EB77B2 /* TodayScreenTableViewController.m */,
				1D3623240D0F684500981E51 /* TodayScreenAppDelegate.h */,
				1D3623250D0F684500981E51 /* TodayScreenAppDelegate.m */,
				48CEB64A0FD0ED3600F42624 /* AddNewWidgetViewController.h */,
				48CEB64B0FD0ED3600F42624 /* AddNewWidgetViewController.m */,
				4891CD190FCCCAD2007C7284 /* AppShortcut.h */,
				4891CD1A0FCCCAD2007C7284 /* AppShortcut.m */,
				8E6B3BAC0FCA0BA400EB77B2 /* GlobalFunctions.h */,
				8E6B3BAD0FCA0BA400EB77B2 /* GlobalFunctions.m */,
				8E6B3C6F0FCB364700EB77B2 /* iPhoneAddressBookAPI.h */,
				8E6B3C700FCB364700EB77B2 /* iPhoneAddressBookAPI.m */,
				4891CB1C0FCBB0D6007C7284 /* UserDefaults.h */,
				4891CB1D0FCBB0D6007C7284 /* UserDefaults.m */,
				8E6B397F0FC8A8FE00EB77B2 /* YahooWeatherAPI.h */,
				8E6B39800FC8A8FE00EB77B2 /* YahooWeatherAPI.m */,
				8E6B3FC00FCE5E7E00EB77B2 /* Info.h */,
				8E6B3FC10FCE5E7E00EB77B2 /* Info.m */,
			);
			path = Classes;
			sourceTree = "<group>";
		};
		19C28FACFE9D520D11CA2CBB /* Products */ = {
			isa = PBXGroup;
			children = (
				1D6058910D05DD3D006BFB54 /* TodayScreen.app */,
			);
			name = Products;
			sourceTree = "<group>";
		};
		29B97314FDCFA39411CA2CEA /* CustomTemplate */ = {
			isa = PBXGroup;
			children = (
				488563D00FD4D6F2003D9B53 /* Settings */,
				488563D10FD4D70D003D9B53 /* Widgets */,
				080E96DDFE201D6D7F000001 /* Classes */,
				48FD48DB0FCE7662004045B2 /* Images */,
				48CEB6DC0FD1015100F42624 /* Interface Files */,
				29B97315FDCFA39411CA2CEA /* Other Sources */,
				29B97317FDCFA39411CA2CEA /* Resources */,
				29B97323FDCFA39411CA2CEA /* Frameworks */,
				19C28FACFE9D520D11CA2CBB /* Products */,
				8E6B3C720FCB36AD00EB77B2 /* AddressBook.framework */,
				8E6B3C890FCB3B3000EB77B2 /* AddressBookUI.framework */,
			);
			name = CustomTemplate;
			sourceTree = "<group>";
		};
		29B97315FDCFA39411CA2CEA /* Other Sources */ = {
			isa = PBXGroup;
			children = (
				32CA4F630368D1EE00C91783 /* TodayScreen_Prefix.pch */,
				29B97316FDCFA39411CA2CEA /* main.m */,
			);
			name = "Other Sources";
			sourceTree = "<group>";
		};
		29B97317FDCFA39411CA2CEA /* Resources */ = {
			isa = PBXGroup;
			children = (
				8D1107310486CEB800E47090 /* Info.plist */,
			);
			name = Resources;
			sourceTree = "<group>";
		};
		29B97323FDCFA39411CA2CEA /* Frameworks */ = {
			isa = PBXGroup;
			children = (
				1DF5F4DF0D08C38300B7A737 /* UIKit.framework */,
				1D30AB110D05D00D00671497 /* Foundation.framework */,
				288765FC0DF74451002DB57D /* CoreGraphics.framework */,
			);
			name = Frameworks;
			sourceTree = "<group>";
		};
		488563D00FD4D6F2003D9B53 /* Settings */ = {
			isa = PBXGroup;
			children = (
				8E6B414D0FD2378C00EB77B2 /* WidgetSettingsSuperClass.h */,
				8E6B414E0FD2378C00EB77B2 /* WidgetSettingsSuperClass.m */,
				8E6B42230FD242DC00EB77B2 /* WidgetSettingsNavigationController.h */,
				8E6B42240FD242DC00EB77B2 /* WidgetSettingsNavigationController.m */,
				8E6B41570FD2391A00EB77B2 /* WidgetClockDateSettings.h */,
				8E6B41580FD2391A00EB77B2 /* WidgetClockDateSettings.m */,
				4885653A0FD4F630003D9B53 /* WidgetWeatherSettings.h */,
				4885653B0FD4F630003D9B53 /* WidgetWeatherSettings.m */,
				4827CA670FD5D096009E6C2A /* WidgetRSSSettings.h */,
				4827CA680FD5D096009E6C2A /* WidgetRSSSettings.m */,
			);
			name = Settings;
			sourceTree = "<group>";
		};
		488563D10FD4D70D003D9B53 /* Widgets */ = {
			isa = PBXGroup;
			children = (
				8E6B40630FD2252E00EB77B2 /* WidgetViewControllerSuperClass.h */,
				8E6B40640FD2252E00EB77B2 /* WidgetViewControllerSuperClass.m */,
				8E6B34710FC4B69300EB77B2 /* WidgetAppLauncher.h */,
				8E6B34720FC4B69300EB77B2 /* WidgetAppLauncher.m */,
				8E6B37CF0FC87A8700EB77B2 /* WidgetClockDate.h */,
				8E6B37D00FC87A8700EB77B2 /* WidgetClockDate.m */,
				8E6B38810FC8940E00EB77B2 /* WidgetComponent_SingleRSS.h */,
				8E6B38820FC8940E00EB77B2 /* WidgetComponent_SingleRSS.m */,
				8E6B35950FC644F400EB77B2 /* WidgetComponent_LongButton.h */,
				8E6B35960FC644F400EB77B2 /* WidgetComponent_LongButton.m */,
				8E6B3B140FC9526700EB77B2 /* WidgetComponent_Contact.h */,
				8E6B3B150FC9526700EB77B2 /* WidgetComponent_Contact.m */,
				8E6B3B0A0FC9523500EB77B2 /* WidgetContact.h */,
				8E6B3B0B0FC9523500EB77B2 /* WidgetContact.m */,
				8E6B3DFA0FCB9F8B00EB77B2 /* WidgetFlipClockDate.h */,
				8E6B3DFB0FCB9F8B00EB77B2 /* WidgetFlipClockDate.m */,
				8E6B386D0FC8899B00EB77B2 /* WidgetRSS.h */,
				8E6B386E0FC8899B00EB77B2 /* WidgetRSS.m */,
				8E6B39E00FC8B70700EB77B2 /* WidgetWeather.h */,
				8E6B39E10FC8B70700EB77B2 /* WidgetWeather.m */,
				8E5DC0DC0FD3B999003E0584 /* WidgetSpacer.h */,
				8E5DC0DD0FD3B999003E0584 /* WidgetSpacer.m */,
			);
			name = Widgets;
			sourceTree = "<group>";
		};
		48CEB6DC0FD1015100F42624 /* Interface Files */ = {
			isa = PBXGroup;
			children = (
				8E5DC0440FD34167003E0584 /* AboutTodayScreen.xib */,
				8E5DC0960FD348DF003E0584 /* TodayScreenGeneralSettings.xib */,
				8E6B3DF10FCB9F1E00EB77B2 /* WidgetFlipClockDate.xib */,
				8E6B346C0FC4B63E00EB77B2 /* WidgetAppLauncher.xib */,
				8E6B3B060FC9522300EB77B2 /* WidgetContact.xib */,
				8E6B3B100FC9525A00EB77B2 /* WidgetComponent_Contact.xib */,
				8E6B37D40FC87A9200EB77B2 /* WidgetClockDate.xib */,
				8E6B387C0FC893E100EB77B2 /* WidgetComponent_SingleRSS.xib */,
				8E6B358F0FC6444B00EB77B2 /* WidgetComponent_LongButton.xib */,
				8E6B38720FC889AD00EB77B2 /* WidgetRSS.xib */,
				8E6B41520FD2389700EB77B2 /* WidgetSettingsSuperClass.xib */,
				8E6B42190FD2418200EB77B2 /* WidgetWeatherSettings.xib */,
				8E6B420D0FD240B500EB77B2 /* WidgetFlipClockSettings.xib */,
				8E6B41420FD2303100EB77B2 /* WidgetClockDateSettings.xib */,
				8E6B42120FD240E600EB77B2 /* WidgetRSSSettings.xib */,
				8E6B421E0FD241DE00EB77B2 /* WidgetAppLauncherSettings.xib */,
				8E6B3FBC0FCE5E3300EB77B2 /* Info.xib */,
				488564040FD4D864003D9B53 /* WidgetWeather.xib */,
				48CEB68C0FD0FF7A00F42624 /* AddNewWidgetView.xib */,
				8E6B3DA10FCB9A8100EB77B2 /* TodayScreenView.xib */,
				28AD733E0D9D9553002E5188 /* MainWindow.xib */,
			);
			name = "Interface Files";
			sourceTree = "<group>";
		};
		48FD48DB0FCE7662004045B2 /* Images */ = {
			isa = PBXGroup;
			children = (
				8E5DC0ED0FD3BF22003E0584 /* addicon_digitaltimedate.png */,
				8E5DC0490FD345E7003E0584 /* todayscreenlogo.png */,
				8E5DC04A0FD345E7003E0584 /* visittodayscreen.png */,
				8E5DBF2B0FD28747003E0584 /* addicon_contact.png */,
				8E5DBF2E0FD28747003E0584 /* addicon_flipclock.png */,
				8E5DBF2F0FD28747003E0584 /* addicon_urllauncher.png */,
				8E5DBF300FD28747003E0584 /* addicon_weather.png */,
				8E6B41470FD236B100EB77B2 /* settingsbg.png */,
				8E6B3F540FCE539F00EB77B2 /* footertoobaricon_add.png */,
				8E6B3F550FCE539F00EB77B2 /* footertoobaricon_delete.png */,
				8E6B3F560FCE539F00EB77B2 /* footertoobaricon_help.png */,
				8E6B3F570FCE539F00EB77B2 /* footertoobaricon_info.png */,
				8E6B3F580FCE539F00EB77B2 /* footertoobaricon_settings.png */,
				8E6B3F590FCE539F00EB77B2 /* footertoobaricon_sort.png */,
				8E6B3F5A0FCE539F00EB77B2 /* footertoolbarbg.png */,
				8E6B3F5C0FCE539F00EB77B2 /* longbuttonbg.png */,
				8E6B3F5D0FCE539F00EB77B2 /* longlaunchbutton.png */,
				8E6B401E0FCE61C200EB77B2 /* icon.png */,
				8E6B3DF60FCB9F3E00EB77B2 /* flipclockbgwhite.png */,
				8E6B3CD00FCB91D200EB77B2 /* bg1.jpg */,
				8E6B3FC60FCE5FA300EB77B2 /* bg2.png */,
				8E6B3F790FCE54E800EB77B2 /* blankcontact.png */,
				8E6B3F750FCE53BE00EB77B2 /* contactbutton.png */,
				8E5DC0E50FD3BE62003E0584 /* addicon_spacer.png */,
				8E5DBF3B0FD28874003E0584 /* addicon_rss.png */,
			);
			name = Images;
			sourceTree = "<group>";
		};
/* End PBXGroup section */

/* Begin PBXNativeTarget section */
		1D6058900D05DD3D006BFB54 /* TodayScreen */ = {
			isa = PBXNativeTarget;
			buildConfigurationList = 1D6058960D05DD3E006BFB54 /* Build configuration list for PBXNativeTarget "TodayScreen" */;
			buildPhases = (
				1D60588D0D05DD3D006BFB54 /* Resources */,
				1D60588E0D05DD3D006BFB54 /* Sources */,
				1D60588F0D05DD3D006BFB54 /* Frameworks */,
			);
			buildRules = (
			);
			dependencies = (
			);
			name = TodayScreen;
			productName = TodayScreen;
			productReference = 1D6058910D05DD3D006BFB54 /* TodayScreen.app */;
			productType = "com.apple.product-type.application";
		};
/* End PBXNativeTarget section */

/* Begin PBXProject section */
		29B97313FDCFA39411CA2CEA /* Project object */ = {
			isa = PBXProject;
			buildConfigurationList = C01FCF4E08A954540054247B /* Build configuration list for PBXProject "TodayScreen" */;
			compatibilityVersion = "Xcode 3.1";
			hasScannedForEncodings = 1;
			mainGroup = 29B97314FDCFA39411CA2CEA /* CustomTemplate */;
			projectDirPath = "";
			projectRoot = "";
			targets = (
				1D6058900D05DD3D006BFB54 /* TodayScreen */,
			);
		};
/* End PBXProject section */

/* Begin PBXResourcesBuildPhase section */
		1D60588D0D05DD3D006BFB54 /* Resources */ = {
			isa = PBXResourcesBuildPhase;
			buildActionMask = 2147483647;
			files = (
				28AD733F0D9D9553002E5188 /* MainWindow.xib in Resources */,
				8E6B346D0FC4B63E00EB77B2 /* WidgetAppLauncher.xib in Resources */,
				8E6B35900FC6444B00EB77B2 /* WidgetComponent_LongButton.xib in Resources */,
				8E6B37D50FC87A9200EB77B2 /* WidgetClockDate.xib in Resources */,
				8E6B38730FC889AD00EB77B2 /* WidgetRSS.xib in Resources */,
				8E6B387D0FC893E100EB77B2 /* WidgetComponent_SingleRSS.xib in Resources */,
				8E6B3B070FC9522300EB77B2 /* WidgetContact.xib in Resources */,
				8E6B3B110FC9525A00EB77B2 /* WidgetComponent_Contact.xib in Resources */,
				8E6B3CD10FCB91D200EB77B2 /* bg1.jpg in Resources */,
				8E6B3DA20FCB9A8100EB77B2 /* TodayScreenView.xib in Resources */,
				8E6B3DF20FCB9F1E00EB77B2 /* WidgetFlipClockDate.xib in Resources */,
				8E6B3DF70FCB9F3E00EB77B2 /* flipclockbgwhite.png in Resources */,
				8E6B3F5E0FCE539F00EB77B2 /* footertoobaricon_add.png in Resources */,
				8E6B3F5F0FCE539F00EB77B2 /* footertoobaricon_delete.png in Resources */,
				8E6B3F600FCE539F00EB77B2 /* footertoobaricon_help.png in Resources */,
				8E6B3F610FCE539F00EB77B2 /* footertoobaricon_info.png in Resources */,
				8E6B3F620FCE539F00EB77B2 /* footertoobaricon_settings.png in Resources */,
				8E6B3F630FCE539F00EB77B2 /* footertoobaricon_sort.png in Resources */,
				8E6B3F640FCE539F00EB77B2 /* footertoolbarbg.png in Resources */,
				8E6B3F660FCE539F00EB77B2 /* longbuttonbg.png in Resources */,
				8E6B3F670FCE539F00EB77B2 /* longlaunchbutton.png in Resources */,
				8E6B3F760FCE53BE00EB77B2 /* contactbutton.png in Resources */,
				8E6B3F7A0FCE54E800EB77B2 /* blankcontact.png in Resources */,
				8E6B3FBD0FCE5E3300EB77B2 /* Info.xib in Resources */,
				8E6B3FC70FCE5FA300EB77B2 /* bg2.png in Resources */,
				8E6B401F0FCE61C200EB77B2 /* icon.png in Resources */,
				48CEB68D0FD0FF7A00F42624 /* AddNewWidgetView.xib in Resources */,
				8E6B41430FD2303100EB77B2 /* WidgetClockDateSettings.xib in Resources */,
				8E6B41480FD236B100EB77B2 /* settingsbg.png in Resources */,
				8E6B41530FD2389700EB77B2 /* WidgetSettingsSuperClass.xib in Resources */,
				8E6B420E0FD240B500EB77B2 /* WidgetFlipClockSettings.xib in Resources */,
				8E6B42130FD240E600EB77B2 /* WidgetRSSSettings.xib in Resources */,
				8E6B421A0FD2418200EB77B2 /* WidgetWeatherSettings.xib in Resources */,
				8E6B421F0FD241DE00EB77B2 /* WidgetAppLauncherSettings.xib in Resources */,
				8E5DBF310FD28747003E0584 /* addicon_contact.png in Resources */,
				8E5DBF340FD28747003E0584 /* addicon_flipclock.png in Resources */,
				8E5DBF350FD28747003E0584 /* addicon_urllauncher.png in Resources */,
				8E5DBF360FD28747003E0584 /* addicon_weather.png in Resources */,
				8E5DBF3C0FD28874003E0584 /* addicon_rss.png in Resources */,
				8E5DC0450FD34167003E0584 /* AboutTodayScreen.xib in Resources */,
				8E5DC04B0FD345E7003E0584 /* todayscreenlogo.png in Resources */,
				8E5DC04C0FD345E7003E0584 /* visittodayscreen.png in Resources */,
				8E5DC0970FD348DF003E0584 /* TodayScreenGeneralSettings.xib in Resources */,
				8E5DC0E60FD3BE62003E0584 /* addicon_spacer.png in Resources */,
				8E5DC0EE0FD3BF22003E0584 /* addicon_digitaltimedate.png in Resources */,
				488564050FD4D864003D9B53 /* WidgetWeather.xib in Resources */,
			);
			runOnlyForDeploymentPostprocessing = 0;
		};
/* End PBXResourcesBuildPhase section */

/* Begin PBXSourcesBuildPhase section */
		1D60588E0D05DD3D006BFB54 /* Sources */ = {
			isa = PBXSourcesBuildPhase;
			buildActionMask = 2147483647;
			files = (
				1D60589B0D05DD56006BFB54 /* main.m in Sources */,
				1D3623260D0F684500981E51 /* TodayScreenAppDelegate.m in Sources */,
				8E6B34690FC4B5F600EB77B2 /* TodayScreenTableViewController.m in Sources */,
				8E6B34730FC4B69300EB77B2 /* WidgetAppLauncher.m in Sources */,
				8E6B35970FC644F400EB77B2 /* WidgetComponent_LongButton.m in Sources */,
				8E6B37D10FC87A8700EB77B2 /* WidgetClockDate.m in Sources */,
				8E6B386F0FC8899B00EB77B2 /* WidgetRSS.m in Sources */,
				8E6B38830FC8940E00EB77B2 /* WidgetComponent_SingleRSS.m in Sources */,
				8E6B39810FC8A8FE00EB77B2 /* YahooWeatherAPI.m in Sources */,
				8E6B39E20FC8B70700EB77B2 /* WidgetWeather.m in Sources */,
				8E6B3B0C0FC9523500EB77B2 /* WidgetContact.m in Sources */,
				8E6B3B160FC9526700EB77B2 /* WidgetComponent_Contact.m in Sources */,
				8E6B3BAE0FCA0BA400EB77B2 /* GlobalFunctions.m in Sources */,
				8E6B3C710FCB364700EB77B2 /* iPhoneAddressBookAPI.m in Sources */,
				8E6B3DA70FCB9A9400EB77B2 /* TodayScreenView.m in Sources */,
				8E6B3DFC0FCB9F8B00EB77B2 /* WidgetFlipClockDate.m in Sources */,
				4891CB1E0FCBB0D6007C7284 /* UserDefaults.m in Sources */,
				4891CD1B0FCCCAD2007C7284 /* AppShortcut.m in Sources */,
				8E6B3FC20FCE5E7E00EB77B2 /* Info.m in Sources */,
				48CEB64C0FD0ED3600F42624 /* AddNewWidgetViewController.m in Sources */,
				8E6B40650FD2252E00EB77B2 /* WidgetViewControllerSuperClass.m in Sources */,
				8E6B414F0FD2378C00EB77B2 /* WidgetSettingsSuperClass.m in Sources */,
				8E6B41590FD2391A00EB77B2 /* WidgetClockDateSettings.m in Sources */,
				8E6B42250FD242DC00EB77B2 /* WidgetSettingsNavigationController.m in Sources */,
				8E5DC0520FD346F7003E0584 /* AboutTodayScreen.m in Sources */,
				8E5DC09E0FD34C6A003E0584 /* TodayScreenGeneralSettings.m in Sources */,
				8E5DC0DE0FD3B999003E0584 /* WidgetSpacer.m in Sources */,
				4885653C0FD4F630003D9B53 /* WidgetWeatherSettings.m in Sources */,
				4827CA690FD5D096009E6C2A /* WidgetRSSSettings.m in Sources */,
			);
			runOnlyForDeploymentPostprocessing = 0;
		};
/* End PBXSourcesBuildPhase section */

/* Begin XCBuildConfiguration section */
		1D6058940D05DD3E006BFB54 /* Debug */ = {
			isa = XCBuildConfiguration;
			buildSettings = {
				ALWAYS_SEARCH_USER_PATHS = NO;
				COPY_PHASE_STRIP = NO;
				GCC_DYNAMIC_NO_PIC = NO;
				GCC_OPTIMIZATION_LEVEL = 0;
				GCC_PRECOMPILE_PREFIX_HEADER = YES;
				GCC_PREFIX_HEADER = TodayScreen_Prefix.pch;
				INFOPLIST_FILE = Info.plist;
				PRODUCT_NAME = TodayScreen;
			};
			name = Debug;
		};
		1D6058950D05DD3E006BFB54 /* Release */ = {
			isa = XCBuildConfiguration;
			buildSettings = {
				ALWAYS_SEARCH_USER_PATHS = NO;
				COPY_PHASE_STRIP = YES;
				GCC_PRECOMPILE_PREFIX_HEADER = YES;
				GCC_PREFIX_HEADER = TodayScreen_Prefix.pch;
				INFOPLIST_FILE = Info.plist;
				PRODUCT_NAME = TodayScreen;
			};
			name = Release;
		};
		C01FCF4F08A954540054247B /* Debug */ = {
			isa = XCBuildConfiguration;
			buildSettings = {
				ARCHS = "$(ARCHS_STANDARD_32_BIT)";
				"CODE_SIGN_IDENTITY[sdk=iphoneos*]" = "iPhone Developer";
				GCC_C_LANGUAGE_STANDARD = c99;
				GCC_WARN_ABOUT_RETURN_TYPE = YES;
				GCC_WARN_UNUSED_VARIABLE = YES;
				ONLY_ACTIVE_ARCH = YES;
				PREBINDING = NO;
				SDKROOT = iphoneos2.2.1;
			};
			name = Debug;
		};
		C01FCF5008A954540054247B /* Release */ = {
			isa = XCBuildConfiguration;
			buildSettings = {
				ARCHS = "$(ARCHS_STANDARD_32_BIT)";
				"CODE_SIGN_IDENTITY[sdk=iphoneos*]" = "iPhone Developer";
				GCC_C_LANGUAGE_STANDARD = c99;
				GCC_WARN_ABOUT_RETURN_TYPE = YES;
				GCC_WARN_UNUSED_VARIABLE = YES;
				PREBINDING = NO;
				SDKROOT = iphoneos2.2.1;
			};
			name = Release;
		};
/* End XCBuildConfiguration section */

/* Begin XCConfigurationList section */
		1D6058960D05DD3E006BFB54 /* Build configuration list for PBXNativeTarget "TodayScreen" */ = {
			isa = XCConfigurationList;
			buildConfigurations = (
				1D6058940D05DD3E006BFB54 /* Debug */,
				1D6058950D05DD3E006BFB54 /* Release */,
			);
			defaultConfigurationIsVisible = 0;
			defaultConfigurationName = Release;
		};
		C01FCF4E08A954540054247B /* Build configuration list for PBXProject "TodayScreen" */ = {
			isa = XCConfigurationList;
			buildConfigurations = (
				C01FCF4F08A954540054247B /* Debug */,
				C01FCF5008A954540054247B /* Release */,
			);
			defaultConfigurationIsVisible = 0;
			defaultConfigurationName = Release;
		};
/* End XCConfigurationList section */
	};
	rootObject = 29B97313FDCFA39411CA2CEA /* Project object */;
}
